// !$*UTF8*$!
{
	archiveVersion = 1;
	classes = {
	};
	objectVersion = 46;
	objects = {

/* Begin PBXBuildFile section */
		AF734F041A7966B60093C9F7 /* Numbers+QuickCheck.swift in Sources */ = {isa = PBXBuildFile; fileRef = AF734F001A79659E0093C9F7 /* Numbers+QuickCheck.swift */; };
		AF734F051A7966B60093C9F7 /* Array+QuickCheck.swift in Sources */ = {isa = PBXBuildFile; fileRef = AF734F011A79659E0093C9F7 /* Array+QuickCheck.swift */; };
		AF76CF361A49CF2600287DC1 /* Vote.swift in Sources */ = {isa = PBXBuildFile; fileRef = AFD1A6561A3E2A9400F5699C /* Vote.swift */; };
		AF76CF371A49CF2900287DC1 /* VoteManager.swift in Sources */ = {isa = PBXBuildFile; fileRef = AFD1A6541A3E25C200F5699C /* VoteManager.swift */; };
		AF80005F1A3E4CE9001FB2F1 /* XYPieChart.m in Sources */ = {isa = PBXBuildFile; fileRef = AF80005E1A3E4CE9001FB2F1 /* XYPieChart.m */; };
		AFCC56531A3E17AB00400DCA /* AppDelegate.swift in Sources */ = {isa = PBXBuildFile; fileRef = AFCC56521A3E17AB00400DCA /* AppDelegate.swift */; };
		AFCC56551A3E17AB00400DCA /* ViewController.swift in Sources */ = {isa = PBXBuildFile; fileRef = AFCC56541A3E17AB00400DCA /* ViewController.swift */; };
		AFCC56581A3E17AB00400DCA /* Main.storyboard in Resources */ = {isa = PBXBuildFile; fileRef = AFCC56561A3E17AB00400DCA /* Main.storyboard */; };
		AFCC565A1A3E17AB00400DCA /* Images.xcassets in Resources */ = {isa = PBXBuildFile; fileRef = AFCC56591A3E17AB00400DCA /* Images.xcassets */; };
		AFCC565D1A3E17AB00400DCA /* LaunchScreen.xib in Resources */ = {isa = PBXBuildFile; fileRef = AFCC565B1A3E17AB00400DCA /* LaunchScreen.xib */; };
		AFCC56691A3E17AB00400DCA /* VoterTests.swift in Sources */ = {isa = PBXBuildFile; fileRef = AFCC56681A3E17AB00400DCA /* VoterTests.swift */; };
		AFCC567C1A3E1AFD00400DCA /* sad.png in Resources */ = {isa = PBXBuildFile; fileRef = AFCC56741A3E1AFD00400DCA /* sad.png */; };
		AFCC567D1A3E1AFD00400DCA /* smile.png in Resources */ = {isa = PBXBuildFile; fileRef = AFCC56751A3E1AFD00400DCA /* smile.png */; };
		AFCC567F1A3E1AFD00400DCA /* love.png in Resources */ = {isa = PBXBuildFile; fileRef = AFCC56771A3E1AFD00400DCA /* love.png */; };
		AFCC56801A3E1AFD00400DCA /* angry.png in Resources */ = {isa = PBXBuildFile; fileRef = AFCC56781A3E1AFD00400DCA /* angry.png */; };
		AFCC56811A3E1AFD00400DCA /* crying.png in Resources */ = {isa = PBXBuildFile; fileRef = AFCC56791A3E1AFD00400DCA /* crying.png */; };
		AFCC56821A3E1AFD00400DCA /* sad2.png in Resources */ = {isa = PBXBuildFile; fileRef = AFCC567A1A3E1AFD00400DCA /* sad2.png */; };
		AFCC56831A3E1AFD00400DCA /* donno.png in Resources */ = {isa = PBXBuildFile; fileRef = AFCC567B1A3E1AFD00400DCA /* donno.png */; };
		AFCE45BB1A781F8800D7263F /* Helpers.swift in Sources */ = {isa = PBXBuildFile; fileRef = AFEBF2A51A78193700EC59FA /* Helpers.swift */; };
		AFCE45BD1A7825FE00D7263F /* QuickCheckTests.swift in Sources */ = {isa = PBXBuildFile; fileRef = AFCE45BC1A7825FE00D7263F /* QuickCheckTests.swift */; };
		AFCE45C01A78263E00D7263F /* QuickCheck.swift in Sources */ = {isa = PBXBuildFile; fileRef = AFCE45BE1A78263400D7263F /* QuickCheck.swift */; };
		AFCE45C21A78283600D7263F /* QuickCheckHelpers.swift in Sources */ = {isa = PBXBuildFile; fileRef = AFCE45C11A78283600D7263F /* QuickCheckHelpers.swift */; };
		AFCE45C41A7828EF00D7263F /* StringAndCharacter+QuickCheck.swift in Sources */ = {isa = PBXBuildFile; fileRef = AFCE45C31A7828EF00D7263F /* StringAndCharacter+QuickCheck.swift */; };
		AFD1A6551A3E25C200F5699C /* VoteManager.swift in Sources */ = {isa = PBXBuildFile; fileRef = AFD1A6541A3E25C200F5699C /* VoteManager.swift */; };
		AFD1A6571A3E2A9400F5699C /* Vote.swift in Sources */ = {isa = PBXBuildFile; fileRef = AFD1A6561A3E2A9400F5699C /* Vote.swift */; };
		AFEBF2A61A78193700EC59FA /* Helpers.swift in Sources */ = {isa = PBXBuildFile; fileRef = AFEBF2A51A78193700EC59FA /* Helpers.swift */; };
/* End PBXBuildFile section */

/* Begin PBXContainerItemProxy section */
		AFCC56631A3E17AB00400DCA /* PBXContainerItemProxy */ = {
			isa = PBXContainerItemProxy;
			containerPortal = AFCC56451A3E17AB00400DCA /* Project object */;
			proxyType = 1;
			remoteGlobalIDString = AFCC564C1A3E17AB00400DCA;
			remoteInfo = Voter;
		};
/* End PBXContainerItemProxy section */

/* Begin PBXFileReference section */
		AF734F001A79659E0093C9F7 /* Numbers+QuickCheck.swift */ = {isa = PBXFileReference; fileEncoding = 4; lastKnownFileType = sourcecode.swift; path = "Numbers+QuickCheck.swift"; sourceTree = "<group>"; };
		AF734F011A79659E0093C9F7 /* Array+QuickCheck.swift */ = {isa = PBXFileReference; fileEncoding = 4; lastKnownFileType = sourcecode.swift; path = "Array+QuickCheck.swift"; sourceTree = "<group>"; };
		AF80005C1A3E4CE8001FB2F1 /* Voter-Bridging-Header.h */ = {isa = PBXFileReference; lastKnownFileType = sourcecode.c.h; path = "Voter-Bridging-Header.h"; sourceTree = "<group>"; };
		AF80005D1A3E4CE9001FB2F1 /* XYPieChart.h */ = {isa = PBXFileReference; fileEncoding = 4; lastKnownFileType = sourcecode.c.h; path = XYPieChart.h; sourceTree = "<group>"; };
		AF80005E1A3E4CE9001FB2F1 /* XYPieChart.m */ = {isa = PBXFileReference; fileEncoding = 4; lastKnownFileType = sourcecode.c.objc; path = XYPieChart.m; sourceTree = "<group>"; };
		AFCC564D1A3E17AB00400DCA /* Voter.app */ = {isa = PBXFileReference; explicitFileType = wrapper.application; includeInIndex = 0; path = Voter.app; sourceTree = BUILT_PRODUCTS_DIR; };
		AFCC56511A3E17AB00400DCA /* Info.plist */ = {isa = PBXFileReference; lastKnownFileType = text.plist.xml; path = Info.plist; sourceTree = "<group>"; };
		AFCC56521A3E17AB00400DCA /* AppDelegate.swift */ = {isa = PBXFileReference; lastKnownFileType = sourcecode.swift; path = AppDelegate.swift; sourceTree = "<group>"; };
		AFCC56541A3E17AB00400DCA /* ViewController.swift */ = {isa = PBXFileReference; lastKnownFileType = sourcecode.swift; path = ViewController.swift; sourceTree = "<group>"; };
		AFCC56571A3E17AB00400DCA /* Base */ = {isa = PBXFileReference; lastKnownFileType = file.storyboard; name = Base; path = Base.lproj/Main.storyboard; sourceTree = "<group>"; };
		AFCC56591A3E17AB00400DCA /* Images.xcassets */ = {isa = PBXFileReference; lastKnownFileType = folder.assetcatalog; path = Images.xcassets; sourceTree = "<group>"; };
		AFCC565C1A3E17AB00400DCA /* Base */ = {isa = PBXFileReference; lastKnownFileType = file.xib; name = Base; path = Base.lproj/LaunchScreen.xib; sourceTree = "<group>"; };
		AFCC56621A3E17AB00400DCA /* VoterTests.xctest */ = {isa = PBXFileReference; explicitFileType = wrapper.cfbundle; includeInIndex = 0; path = VoterTests.xctest; sourceTree = BUILT_PRODUCTS_DIR; };
		AFCC56671A3E17AB00400DCA /* Info.plist */ = {isa = PBXFileReference; lastKnownFileType = text.plist.xml; path = Info.plist; sourceTree = "<group>"; };
		AFCC56681A3E17AB00400DCA /* VoterTests.swift */ = {isa = PBXFileReference; lastKnownFileType = sourcecode.swift; path = VoterTests.swift; sourceTree = "<group>"; };
		AFCC56741A3E1AFD00400DCA /* sad.png */ = {isa = PBXFileReference; lastKnownFileType = image.png; path = sad.png; sourceTree = "<group>"; };
		AFCC56751A3E1AFD00400DCA /* smile.png */ = {isa = PBXFileReference; lastKnownFileType = image.png; path = smile.png; sourceTree = "<group>"; };
		AFCC56771A3E1AFD00400DCA /* love.png */ = {isa = PBXFileReference; lastKnownFileType = image.png; path = love.png; sourceTree = "<group>"; };
		AFCC56781A3E1AFD00400DCA /* angry.png */ = {isa = PBXFileReference; lastKnownFileType = image.png; path = angry.png; sourceTree = "<group>"; };
		AFCC56791A3E1AFD00400DCA /* crying.png */ = {isa = PBXFileReference; lastKnownFileType = image.png; path = crying.png; sourceTree = "<group>"; };
		AFCC567A1A3E1AFD00400DCA /* sad2.png */ = {isa = PBXFileReference; lastKnownFileType = image.png; path = sad2.png; sourceTree = "<group>"; };
		AFCC567B1A3E1AFD00400DCA /* donno.png */ = {isa = PBXFileReference; lastKnownFileType = image.png; path = donno.png; sourceTree = "<group>"; };
		AFCE45BC1A7825FE00D7263F /* QuickCheckTests.swift */ = {isa = PBXFileReference; fileEncoding = 4; lastKnownFileType = sourcecode.swift; path = QuickCheckTests.swift; sourceTree = "<group>"; };
		AFCE45BE1A78263400D7263F /* QuickCheck.swift */ = {isa = PBXFileReference; fileEncoding = 4; lastKnownFileType = sourcecode.swift; path = QuickCheck.swift; sourceTree = "<group>"; };
		AFCE45C11A78283600D7263F /* QuickCheckHelpers.swift */ = {isa = PBXFileReference; fileEncoding = 4; lastKnownFileType = sourcecode.swift; path = QuickCheckHelpers.swift; sourceTree = "<group>"; };
		AFCE45C31A7828EF00D7263F /* StringAndCharacter+QuickCheck.swift */ = {isa = PBXFileReference; fileEncoding = 4; lastKnownFileType = sourcecode.swift; path = "StringAndCharacter+QuickCheck.swift"; sourceTree = "<group>"; };
		AFD1A6541A3E25C200F5699C /* VoteManager.swift */ = {isa = PBXFileReference; fileEncoding = 4; lastKnownFileType = sourcecode.swift; path = VoteManager.swift; sourceTree = "<group>"; };
		AFD1A6561A3E2A9400F5699C /* Vote.swift */ = {isa = PBXFileReference; fileEncoding = 4; lastKnownFileType = sourcecode.swift; path = Vote.swift; sourceTree = "<group>"; };
		AFEBF2A51A78193700EC59FA /* Helpers.swift */ = {isa = PBXFileReference; fileEncoding = 4; lastKnownFileType = sourcecode.swift; path = Helpers.swift; sourceTree = "<group>"; };
/* End PBXFileReference section */

/* Begin PBXFrameworksBuildPhase section */
		AFCC564A1A3E17AB00400DCA /* Frameworks */ = {
			isa = PBXFrameworksBuildPhase;
			buildActionMask = 2147483647;
			files = (
			);
			runOnlyForDeploymentPostprocessing = 0;
		};
		AFCC565F1A3E17AB00400DCA /* Frameworks */ = {
			isa = PBXFrameworksBuildPhase;
			buildActionMask = 2147483647;
			files = (
			);
			runOnlyForDeploymentPostprocessing = 0;
		};
/* End PBXFrameworksBuildPhase section */

/* Begin PBXGroup section */
		AF8000571A3E4C9D001FB2F1 /* External */ = {
			isa = PBXGroup;
			children = (
				AF8000581A3E4C9D001FB2F1 /* XYPieChart */,
				AFEBF2A51A78193700EC59FA /* Helpers.swift */,
				AFCE45BE1A78263400D7263F /* QuickCheck.swift */,
				AFCE45C11A78283600D7263F /* QuickCheckHelpers.swift */,
				AFCE45C31A7828EF00D7263F /* StringAndCharacter+QuickCheck.swift */,
				AF734F001A79659E0093C9F7 /* Numbers+QuickCheck.swift */,
				AF734F011A79659E0093C9F7 /* Array+QuickCheck.swift */,
			);
			path = External;
			sourceTree = "<group>";
		};
		AF8000581A3E4C9D001FB2F1 /* XYPieChart */ = {
			isa = PBXGroup;
			children = (
				AF80005D1A3E4CE9001FB2F1 /* XYPieChart.h */,
				AF80005E1A3E4CE9001FB2F1 /* XYPieChart.m */,
				AF80005C1A3E4CE8001FB2F1 /* Voter-Bridging-Header.h */,
			);
			path = XYPieChart;
			sourceTree = "<group>";
		};
		AFCC56441A3E17AB00400DCA = {
			isa = PBXGroup;
			children = (
				AFCC564F1A3E17AB00400DCA /* Voter */,
				AF8000571A3E4C9D001FB2F1 /* External */,
				AFCC56721A3E1AE300400DCA /* Resources */,
				AFCC56651A3E17AB00400DCA /* VoterTests */,
				AFCC564E1A3E17AB00400DCA /* Products */,
			);
			sourceTree = "<group>";
		};
		AFCC564E1A3E17AB00400DCA /* Products */ = {
			isa = PBXGroup;
			children = (
				AFCC564D1A3E17AB00400DCA /* Voter.app */,
				AFCC56621A3E17AB00400DCA /* VoterTests.xctest */,
			);
			name = Products;
			sourceTree = "<group>";
		};
		AFCC564F1A3E17AB00400DCA /* Voter */ = {
			isa = PBXGroup;
			children = (
				AFCC56521A3E17AB00400DCA /* AppDelegate.swift */,
				AFCC56541A3E17AB00400DCA /* ViewController.swift */,
				AFCC56561A3E17AB00400DCA /* Main.storyboard */,
				AFCC56591A3E17AB00400DCA /* Images.xcassets */,
				AFCC565B1A3E17AB00400DCA /* LaunchScreen.xib */,
				AFCC56501A3E17AB00400DCA /* Supporting Files */,
				AFD1A6541A3E25C200F5699C /* VoteManager.swift */,
				AFD1A6561A3E2A9400F5699C /* Vote.swift */,
			);
			path = Voter;
			sourceTree = "<group>";
		};
		AFCC56501A3E17AB00400DCA /* Supporting Files */ = {
			isa = PBXGroup;
			children = (
				AFCC56511A3E17AB00400DCA /* Info.plist */,
			);
			name = "Supporting Files";
			sourceTree = "<group>";
		};
		AFCC56651A3E17AB00400DCA /* VoterTests */ = {
			isa = PBXGroup;
			children = (
				AFCC56681A3E17AB00400DCA /* VoterTests.swift */,
				AFCE45BC1A7825FE00D7263F /* QuickCheckTests.swift */,
				AFCC56661A3E17AB00400DCA /* Supporting Files */,
			);
			path = VoterTests;
			sourceTree = "<group>";
		};
		AFCC56661A3E17AB00400DCA /* Supporting Files */ = {
			isa = PBXGroup;
			children = (
				AFCC56671A3E17AB00400DCA /* Info.plist */,
			);
			name = "Supporting Files";
			sourceTree = "<group>";
		};
		AFCC56721A3E1AE300400DCA /* Resources */ = {
			isa = PBXGroup;
			children = (
				AFCC56731A3E1AFD00400DCA /* Icons */,
			);
			name = Resources;
			path = Voter/Resources;
			sourceTree = "<group>";
		};
		AFCC56731A3E1AFD00400DCA /* Icons */ = {
			isa = PBXGroup;
			children = (
				AFCC56741A3E1AFD00400DCA /* sad.png */,
				AFCC56751A3E1AFD00400DCA /* smile.png */,
				AFCC56771A3E1AFD00400DCA /* love.png */,
				AFCC56781A3E1AFD00400DCA /* angry.png */,
				AFCC56791A3E1AFD00400DCA /* crying.png */,
				AFCC567A1A3E1AFD00400DCA /* sad2.png */,
				AFCC567B1A3E1AFD00400DCA /* donno.png */,
			);
			path = Icons;
			sourceTree = "<group>";
		};
/* End PBXGroup section */

/* Begin PBXNativeTarget section */
		AFCC564C1A3E17AB00400DCA /* Voter */ = {
			isa = PBXNativeTarget;
			buildConfigurationList = AFCC566C1A3E17AB00400DCA /* Build configuration list for PBXNativeTarget "Voter" */;
			buildPhases = (
				AFCC56491A3E17AB00400DCA /* Sources */,
				AFCC564A1A3E17AB00400DCA /* Frameworks */,
				AFCC564B1A3E17AB00400DCA /* Resources */,
			);
			buildRules = (
			);
			dependencies = (
			);
			name = Voter;
			productName = Voter;
			productReference = AFCC564D1A3E17AB00400DCA /* Voter.app */;
			productType = "com.apple.product-type.application";
		};
		AFCC56611A3E17AB00400DCA /* VoterTests */ = {
			isa = PBXNativeTarget;
			buildConfigurationList = AFCC566F1A3E17AB00400DCA /* Build configuration list for PBXNativeTarget "VoterTests" */;
			buildPhases = (
				AFCC565E1A3E17AB00400DCA /* Sources */,
				AFCC565F1A3E17AB00400DCA /* Frameworks */,
				AFCC56601A3E17AB00400DCA /* Resources */,
			);
			buildRules = (
			);
			dependencies = (
				AFCC56641A3E17AB00400DCA /* PBXTargetDependency */,
			);
			name = VoterTests;
			productName = VoterTests;
			productReference = AFCC56621A3E17AB00400DCA /* VoterTests.xctest */;
			productType = "com.apple.product-type.bundle.unit-test";
		};
/* End PBXNativeTarget section */

/* Begin PBXProject section */
		AFCC56451A3E17AB00400DCA /* Project object */ = {
			isa = PBXProject;
			attributes = {
				LastUpgradeCheck = 0600;
				ORGANIZATIONNAME = "Lambda Academy";
				TargetAttributes = {
					AFCC564C1A3E17AB00400DCA = {
						CreatedOnToolsVersion = 6.0;
					};
					AFCC56611A3E17AB00400DCA = {
						CreatedOnToolsVersion = 6.0;
						TestTargetID = AFCC564C1A3E17AB00400DCA;
					};
				};
			};
			buildConfigurationList = AFCC56481A3E17AB00400DCA /* Build configuration list for PBXProject "Voter" */;
			compatibilityVersion = "Xcode 3.2";
			developmentRegion = English;
			hasScannedForEncodings = 0;
			knownRegions = (
				en,
				Base,
			);
			mainGroup = AFCC56441A3E17AB00400DCA;
			productRefGroup = AFCC564E1A3E17AB00400DCA /* Products */;
			projectDirPath = "";
			projectRoot = "";
			targets = (
				AFCC564C1A3E17AB00400DCA /* Voter */,
				AFCC56611A3E17AB00400DCA /* VoterTests */,
			);
		};
/* End PBXProject section */

/* Begin PBXResourcesBuildPhase section */
		AFCC564B1A3E17AB00400DCA /* Resources */ = {
			isa = PBXResourcesBuildPhase;
			buildActionMask = 2147483647;
			files = (
				AFCC567C1A3E1AFD00400DCA /* sad.png in Resources */,
				AFCC56581A3E17AB00400DCA /* Main.storyboard in Resources */,
				AFCC567D1A3E1AFD00400DCA /* smile.png in Resources */,
				AFCC565D1A3E17AB00400DCA /* LaunchScreen.xib in Resources */,
				AFCC56801A3E1AFD00400DCA /* angry.png in Resources */,
				AFCC56821A3E1AFD00400DCA /* sad2.png in Resources */,
				AFCC56811A3E1AFD00400DCA /* crying.png in Resources */,
				AFCC565A1A3E17AB00400DCA /* Images.xcassets in Resources */,
				AFCC56831A3E1AFD00400DCA /* donno.png in Resources */,
				AFCC567F1A3E1AFD00400DCA /* love.png in Resources */,
			);
			runOnlyForDeploymentPostprocessing = 0;
		};
		AFCC56601A3E17AB00400DCA /* Resources */ = {
			isa = PBXResourcesBuildPhase;
			buildActionMask = 2147483647;
			files = (
			);
			runOnlyForDeploymentPostprocessing = 0;
		};
/* End PBXResourcesBuildPhase section */

/* Begin PBXSourcesBuildPhase section */
		AFCC56491A3E17AB00400DCA /* Sources */ = {
			isa = PBXSourcesBuildPhase;
			buildActionMask = 2147483647;
			files = (
				AFCC56551A3E17AB00400DCA /* ViewController.swift in Sources */,
				AFEBF2A61A78193700EC59FA /* Helpers.swift in Sources */,
				AFD1A6551A3E25C200F5699C /* VoteManager.swift in Sources */,
				AFCC56531A3E17AB00400DCA /* AppDelegate.swift in Sources */,
				AF80005F1A3E4CE9001FB2F1 /* XYPieChart.m in Sources */,
				AFD1A6571A3E2A9400F5699C /* Vote.swift in Sources */,
			);
			runOnlyForDeploymentPostprocessing = 0;
		};
		AFCC565E1A3E17AB00400DCA /* Sources */ = {
			isa = PBXSourcesBuildPhase;
			buildActionMask = 2147483647;
			files = (
				AF734F051A7966B60093C9F7 /* Array+QuickCheck.swift in Sources */,
				AFCE45C01A78263E00D7263F /* QuickCheck.swift in Sources */,
				AF76CF371A49CF2900287DC1 /* VoteManager.swift in Sources */,
				AFCE45BD1A7825FE00D7263F /* QuickCheckTests.swift in Sources */,
				AFCE45C41A7828EF00D7263F /* StringAndCharacter+QuickCheck.swift in Sources */,
				AFCE45C21A78283600D7263F /* QuickCheckHelpers.swift in Sources */,
				AF76CF361A49CF2600287DC1 /* Vote.swift in Sources */,
				AF734F041A7966B60093C9F7 /* Numbers+QuickCheck.swift in Sources */,
				AFCC56691A3E17AB00400DCA /* VoterTests.swift in Sources */,
				AFCE45BB1A781F8800D7263F /* Helpers.swift in Sources */,
			);
			runOnlyForDeploymentPostprocessing = 0;
		};
/* End PBXSourcesBuildPhase section */

/* Begin PBXTargetDependency section */
		AFCC56641A3E17AB00400DCA /* PBXTargetDependency */ = {
			isa = PBXTargetDependency;
			target = AFCC564C1A3E17AB00400DCA /* Voter */;
			targetProxy = AFCC56631A3E17AB00400DCA /* PBXContainerItemProxy */;
		};
/* End PBXTargetDependency section */

/* Begin PBXVariantGroup section */
		AFCC56561A3E17AB00400DCA /* Main.storyboard */ = {
			isa = PBXVariantGroup;
			children = (
				AFCC56571A3E17AB00400DCA /* Base */,
			);
			name = Main.storyboard;
			sourceTree = "<group>";
		};
		AFCC565B1A3E17AB00400DCA /* LaunchScreen.xib */ = {
			isa = PBXVariantGroup;
			children = (
				AFCC565C1A3E17AB00400DCA /* Base */,
			);
			name = LaunchScreen.xib;
			sourceTree = "<group>";
		};
/* End PBXVariantGroup section */

/* Begin XCBuildConfiguration section */
		AFCC566A1A3E17AB00400DCA /* Debug */ = {
			isa = XCBuildConfiguration;
			buildSettings = {
				ALWAYS_SEARCH_USER_PATHS = NO;
				CLANG_CXX_LANGUAGE_STANDARD = "gnu++0x";
				CLANG_CXX_LIBRARY = "libc++";
				CLANG_ENABLE_MODULES = YES;
				CLANG_ENABLE_OBJC_ARC = YES;
				CLANG_WARN_BOOL_CONVERSION = YES;
				CLANG_WARN_CONSTANT_CONVERSION = YES;
				CLANG_WARN_DIRECT_OBJC_ISA_USAGE = YES_ERROR;
				CLANG_WARN_EMPTY_BODY = YES;
				CLANG_WARN_ENUM_CONVERSION = YES;
				CLANG_WARN_INT_CONVERSION = YES;
				CLANG_WARN_OBJC_ROOT_CLASS = YES_ERROR;
				CLANG_WARN_UNREACHABLE_CODE = YES;
				CLANG_WARN__DUPLICATE_METHOD_MATCH = YES;
				"CODE_SIGN_IDENTITY[sdk=iphoneos*]" = "iPhone Developer";
				COPY_PHASE_STRIP = NO;
				ENABLE_STRICT_OBJC_MSGSEND = YES;
				GCC_C_LANGUAGE_STANDARD = gnu99;
				GCC_DYNAMIC_NO_PIC = NO;
				GCC_OPTIMIZATION_LEVEL = 0;
				GCC_PREPROCESSOR_DEFINITIONS = (
					"DEBUG=1",
					"$(inherited)",
				);
				GCC_SYMBOLS_PRIVATE_EXTERN = NO;
				GCC_WARN_64_TO_32_BIT_CONVERSION = YES;
				GCC_WARN_ABOUT_RETURN_TYPE = YES_ERROR;
				GCC_WARN_UNDECLARED_SELECTOR = YES;
				GCC_WARN_UNINITIALIZED_AUTOS = YES_AGGRESSIVE;
				GCC_WARN_UNUSED_FUNCTION = YES;
				GCC_WARN_UNUSED_VARIABLE = YES;
				IPHONEOS_DEPLOYMENT_TARGET = 8.0;
				MTL_ENABLE_DEBUG_INFO = YES;
				ONLY_ACTIVE_ARCH = YES;
				SDKROOT = iphoneos;
				SWIFT_OPTIMIZATION_LEVEL = "-Onone";
				TARGETED_DEVICE_FAMILY = 2;
			};
			name = Debug;
		};
		AFCC566B1A3E17AB00400DCA /* Release */ = {
			isa = XCBuildConfiguration;
			buildSettings = {
				ALWAYS_SEARCH_USER_PATHS = NO;
				CLANG_CXX_LANGUAGE_STANDARD = "gnu++0x";
				CLANG_CXX_LIBRARY = "libc++";
				CLANG_ENABLE_MODULES = YES;
				CLANG_ENABLE_OBJC_ARC = YES;
				CLANG_WARN_BOOL_CONVERSION = YES;
				CLANG_WARN_CONSTANT_CONVERSION = YES;
				CLANG_WARN_DIRECT_OBJC_ISA_USAGE = YES_ERROR;
				CLANG_WARN_EMPTY_BODY = YES;
				CLANG_WARN_ENUM_CONVERSION = YES;
				CLANG_WARN_INT_CONVERSION = YES;
				CLANG_WARN_OBJC_ROOT_CLASS = YES_ERROR;
				CLANG_WARN_UNREACHABLE_CODE = YES;
				CLANG_WARN__DUPLICATE_METHOD_MATCH = YES;
				"CODE_SIGN_IDENTITY[sdk=iphoneos*]" = "iPhone Developer";
				COPY_PHASE_STRIP = YES;
				ENABLE_NS_ASSERTIONS = NO;
				ENABLE_STRICT_OBJC_MSGSEND = YES;
				GCC_C_LANGUAGE_STANDARD = gnu99;
				GCC_WARN_64_TO_32_BIT_CONVERSION = YES;
				GCC_WARN_ABOUT_RETURN_TYPE = YES_ERROR;
				GCC_WARN_UNDECLARED_SELECTOR = YES;
				GCC_WARN_UNINITIALIZED_AUTOS = YES_AGGRESSIVE;
				GCC_WARN_UNUSED_FUNCTION = YES;
				GCC_WARN_UNUSED_VARIABLE = YES;
				IPHONEOS_DEPLOYMENT_TARGET = 8.0;
				MTL_ENABLE_DEBUG_INFO = NO;
				SDKROOT = iphoneos;
				TARGETED_DEVICE_FAMILY = 2;
				VALIDATE_PRODUCT = YES;
			};
			name = Release;
		};
		AFCC566D1A3E17AB00400DCA /* Debug */ = {
			isa = XCBuildConfiguration;
			buildSettings = {
				ASSETCATALOG_COMPILER_APPICON_NAME = AppIcon;
				CLANG_ENABLE_MODULES = YES;
				INFOPLIST_FILE = Voter/Info.plist;
				LD_RUNPATH_SEARCH_PATHS = "$(inherited) @executable_path/Frameworks";
				PRODUCT_NAME = "$(TARGET_NAME)";
				SWIFT_OBJC_BRIDGING_HEADER = "External/XYPieChart/Voter-Bridging-Header.h";
				SWIFT_OPTIMIZATION_LEVEL = "-Onone";
			};
			name = Debug;
		};
		AFCC566E1A3E17AB00400DCA /* Release */ = {
			isa = XCBuildConfiguration;
			buildSettings = {
				ASSETCATALOG_COMPILER_APPICON_NAME = AppIcon;
				CLANG_ENABLE_MODULES = YES;
				INFOPLIST_FILE = Voter/Info.plist;
				LD_RUNPATH_SEARCH_PATHS = "$(inherited) @executable_path/Frameworks";
				PRODUCT_NAME = "$(TARGET_NAME)";
				SWIFT_OBJC_BRIDGING_HEADER = "External/XYPieChart/Voter-Bridging-Header.h";
			};
			name = Release;
		};
		AFCC56701A3E17AB00400DCA /* Debug */ = {
			isa = XCBuildConfiguration;
			buildSettings = {
				BUNDLE_LOADER = "$(TEST_HOST)";
				FRAMEWORK_SEARCH_PATHS = (
					"$(SDKROOT)/Developer/Library/Frameworks",
					"$(inherited)",
				);
				GCC_PREPROCESSOR_DEFINITIONS = (
					"DEBUG=1",
					"$(inherited)",
				);
				INFOPLIST_FILE = VoterTests/Info.plist;
				LD_RUNPATH_SEARCH_PATHS = "$(inherited) @executable_path/Frameworks @loader_path/Frameworks";
				PRODUCT_NAME = "$(TARGET_NAME)";
				TEST_HOST = "$(BUILT_PRODUCTS_DIR)/Voter.app/Voter";
			};
			name = Debug;
		};
		AFCC56711A3E17AB00400DCA /* Release */ = {
			isa = XCBuildConfiguration;
			buildSettings = {
				BUNDLE_LOADER = "$(TEST_HOST)";
				FRAMEWORK_SEARCH_PATHS = (
					"$(SDKROOT)/Developer/Library/Frameworks",
					"$(inherited)",
				);
				INFOPLIST_FILE = VoterTests/Info.plist;
				LD_RUNPATH_SEARCH_PATHS = "$(inherited) @executable_path/Frameworks @loader_path/Frameworks";
				PRODUCT_NAME = "$(TARGET_NAME)";
				TEST_HOST = "$(BUILT_PRODUCTS_DIR)/Voter.app/Voter";
			};
			name = Release;
		};
/* End XCBuildConfiguration section */

/* Begin XCConfigurationList section */
		AFCC56481A3E17AB00400DCA /* Build configuration list for PBXProject "Voter" */ = {
			isa = XCConfigurationList;
			buildConfigurations = (
				AFCC566A1A3E17AB00400DCA /* Debug */,
				AFCC566B1A3E17AB00400DCA /* Release */,
			);
			defaultConfigurationIsVisible = 0;
			defaultConfigurationName = Release;
		};
		AFCC566C1A3E17AB00400DCA /* Build configuration list for PBXNativeTarget "Voter" */ = {
			isa = XCConfigurationList;
			buildConfigurations = (
				AFCC566D1A3E17AB00400DCA /* Debug */,
				AFCC566E1A3E17AB00400DCA /* Release */,
			);
			defaultConfigurationIsVisible = 0;
			defaultConfigurationName = Release;
		};
		AFCC566F1A3E17AB00400DCA /* Build configuration list for PBXNativeTarget "VoterTests" */ = {
			isa = XCConfigurationList;
			buildConfigurations = (
				AFCC56701A3E17AB00400DCA /* Debug */,
				AFCC56711A3E17AB00400DCA /* Release */,
			);
			defaultConfigurationIsVisible = 0;
			defaultConfigurationName = Release;
		};
/* End XCConfigurationList section */
	};
	rootObject = AFCC56451A3E17AB00400DCA /* Project object */;
}
